
Microsoft Visual Studio Solution File, Format Version 12.00
Project("{FAE04EC0-301F-11D3-BF4B-00C04F79EFBC}") = "stopwatch", "stopwatch\stopwatch.csproj", "{7821CB0B-624F-4D70-948E-6C42E113A96B}"
EndProject
Global
	GlobalSection(SolutionConfigurationPlatforms) = preSolution
		Debug|Any CPU = Debug|Any CPU
		Release|Any CPU = Release|Any CPU
	EndGlobalSection
	GlobalSection(ProjectConfigurationPlatforms) = postSolution
		{7821CB0B-624F-4D70-948E-6C42E113A96B}.Debug|Any CPU.ActiveCfg = Debug|Any CPU
		{7821CB0B-624F-4D70-948E-6C42E113A96B}.Debug|Any CPU.Build.0 = Debug|Any CPU
		{7821CB0B-624F-4D70-948E-6C42E113A96B}.Release|Any CPU.ActiveCfg = Release|Any CPU
		{7821CB0B-624F-4D70-948E-6C42E113A96B}.Release|Any CPU.Build.0 = Release|Any CPU
	EndGlobalSection
EndGlobal
